
Microsoft Visual Studio Solution File, Format Version 12.00
# Visual Studio 14
VisualStudioVersion = 14.0.25420.1
MinimumVisualStudioVersion = 10.0.40219.1
Project("{FAE04EC0-301F-11D3-BF4B-00C04F79EFBC}") = "CustomCollections", "CustomCollections\CustomCollections.csproj", "{D5FB5D26-A851-4440-8E33-326210358BB6}"
EndProject
Project("{FAE04EC0-301F-11D3-BF4B-00C04F79EFBC}") = "TestForTask10", "..\..\TestForTask10\TestForTask10.csproj", "{D93FF58E-92D2-4934-BBC0-FF360A3D7027}"
EndProject
Global
	GlobalSection(SolutionConfigurationPlatforms) = preSolution
		Debug|Any CPU = Debug|Any CPU
		Release|Any CPU = Release|Any CPU
	EndGlobalSection
	GlobalSection(ProjectConfigurationPlatforms) = postSolution
		{D5FB5D26-A851-4440-8E33-326210358BB6}.Debug|Any CPU.ActiveCfg = Debug|Any CPU
		{D5FB5D26-A851-4440-8E33-326210358BB6}.Debug|Any CPU.Build.0 = Debug|Any CPU
		{D5FB5D26-A851-4440-8E33-326210358BB6}.Release|Any CPU.ActiveCfg = Release|Any CPU
		{D5FB5D26-A851-4440-8E33-326210358BB6}.Release|Any CPU.Build.0 = Release|Any CPU
		{D93FF58E-92D2-4934-BBC0-FF360A3D7027}.Debug|Any CPU.ActiveCfg = Debug|Any CPU
		{D93FF58E-92D2-4934-BBC0-FF360A3D7027}.Debug|Any CPU.Build.0 = Debug|Any CPU
		{D93FF58E-92D2-4934-BBC0-FF360A3D7027}.Release|Any CPU.ActiveCfg = Release|Any CPU
		{D93FF58E-92D2-4934-BBC0-FF360A3D7027}.Release|Any CPU.Build.0 = Release|Any CPU
	EndGlobalSection
	GlobalSection(SolutionProperties) = preSolution
		HideSolutionNode = FALSE
	EndGlobalSection
EndGlobal
